
Microsoft Visual Studio Solution File, Format Version 12.00
# Visual Studio Version 17
VisualStudioVersion = 17.0.31903.59
MinimumVisualStudioVersion = 10.0.40219.1
Project("{2150E333-8FDC-42A3-9474-1A3956D46DE8}") = "Grundlagen", "Grundlagen", "{D7A5BE09-2AEB-C095-E516-E44CF7391278}"
EndProject
Project("{FAE04EC0-301F-11D3-BF4B-00C04F79EFBC}") = "CodeLesen", "HelloWorld\CodeLesen\CodeLesen.csproj", "{669359CD-47D5-4636-B183-832726248E5E}"
EndProject
Project("{FAE04EC0-301F-11D3-BF4B-00C04F79EFBC}") = "EinfacheEingabeAusgabe", "HelloWorld\EinfacheEingabeAusgabe\EinfacheEingabeAusgabe.csproj", "{0DC58AA4-BADC-4556-9BD2-285E79E97E6C}"
EndProject
Project("{FAE04EC0-301F-11D3-BF4B-00C04F79EFBC}") = "FehlerFinden", "HelloWorld\FehlerFinden\FehlerFinden.csproj", "{16C1C421-1663-4638-9B7F-EF0922AA0D6B}"
EndProject
Project("{FAE04EC0-301F-11D3-BF4B-00C04F79EFBC}") = "Grundrechenarten", "HelloWorld\Grundrechenarten\Grundrechenarten.csproj", "{8338B16E-6896-4592-9079-F9FB2BFF166F}"
EndProject
Project("{FAE04EC0-301F-11D3-BF4B-00C04F79EFBC}") = "InkrementierenDekrementieren", "HelloWorld\InkrementierenDekrementieren\InkrementierenDekrementieren.csproj", "{B5F219AA-B5F0-429C-83FE-243B8B78D917}"
EndProject
Project("{FAE04EC0-301F-11D3-BF4B-00C04F79EFBC}") = "Modulo", "HelloWorld\Modulo\Modulo.csproj", "{613EEE76-65ED-468F-8A51-A84A29152CE9}"
EndProject
Project("{FAE04EC0-301F-11D3-BF4B-00C04F79EFBC}") = "Nettolohn", "HelloWorld\Nettolohn\Nettolohn.csproj", "{E300F334-DBB2-4E5C-9D85-7694117B63F6}"
EndProject
Project("{FAE04EC0-301F-11D3-BF4B-00C04F79EFBC}") = "StringOperationen", "HelloWorld\StringOperationen\StringOperationen.csproj", "{2053E44D-5A93-43E4-9E89-0E1726B65AF4}"
EndProject
Project("{FAE04EC0-301F-11D3-BF4B-00C04F79EFBC}") = "VariablenUndDatentypen", "HelloWorld\VariablenUndDatentypen\VariablenUndDatentypen.csproj", "{61D06E7F-5FC1-4B33-945C-45F1C8921E06}"
EndProject
Project("{2150E333-8FDC-42A3-9474-1A3956D46DE8}") = "OperatorenVertiefung", "OperatorenVertiefung", "{56F1B4D2-DDE4-5070-21DC-6470BEFA5EE9}"
EndProject
Project("{FAE04EC0-301F-11D3-BF4B-00C04F79EFBC}") = "AroundTheClock", "OperatorenVertiefung\AroundTheClock\AroundTheClock.csproj", "{F0652385-B05D-4A52-8AD7-4640463921E6}"
EndProject
Project("{FAE04EC0-301F-11D3-BF4B-00C04F79EFBC}") = "BodyMassIndex", "OperatorenVertiefung\BodyMassIndex\BodyMassIndex.csproj", "{75A2736C-DEA8-4E08-A6BD-DB10AE492548}"
EndProject
Project("{FAE04EC0-301F-11D3-BF4B-00C04F79EFBC}") = "CodeLesen", "OperatorenVertiefung\CodeLesen\CodeLesen.csproj", "{42627078-0519-40E3-9B4B-F70B48B2201A}"
EndProject
Project("{FAE04EC0-301F-11D3-BF4B-00C04F79EFBC}") = "Grundrechenarten", "OperatorenVertiefung\Grundrechenarten\Grundrechenarten.csproj", "{2D28ADBC-EA56-4366-9304-6DB6F743DED5}"
EndProject
Project("{FAE04EC0-301F-11D3-BF4B-00C04F79EFBC}") = "InkrementierenDekrementieren", "OperatorenVertiefung\InkrementierenDekrementieren\InkrementierenDekrementieren.csproj", "{A023A8D6-49B1-4E54-8A5D-1CF11ACB5FE2}"
EndProject
Project("{FAE04EC0-301F-11D3-BF4B-00C04F79EFBC}") = "LogischeOperatoren", "OperatorenVertiefung\LogischeOperatoren\LogischeOperatoren.csproj", "{019BC409-7353-457A-B1A5-2B22E18C939E}"
EndProject
Project("{FAE04EC0-301F-11D3-BF4B-00C04F79EFBC}") = "PasswortChecker", "OperatorenVertiefung\PasswortChecker\PasswortChecker.csproj", "{43EC4BA0-F20F-4CCC-A6D8-5E00D3E5A34D}"
EndProject
Project("{FAE04EC0-301F-11D3-BF4B-00C04F79EFBC}") = "Riegel", "OperatorenVertiefung\Riegel\Riegel.csproj", "{3A05B8E0-8A61-4B22-AA7F-608D43B55403}"
EndProject
Project("{FAE04EC0-301F-11D3-BF4B-00C04F79EFBC}") = "Unterwegs", "OperatorenVertiefung\Unterwegs\Unterwegs.csproj", "{0CD77F08-ED83-40B5-AA3D-54480065AA7C}"
EndProject
Project("{FAE04EC0-301F-11D3-BF4B-00C04F79EFBC}") = "Vergleichsoperatoren", "OperatorenVertiefung\Vergleichsoperatoren\Vergleichsoperatoren.csproj", "{B1BE723D-08D6-43B1-B40D-07CA43DAA508}"
EndProject
Global
	GlobalSection(SolutionConfigurationPlatforms) = preSolution
		Debug|Any CPU = Debug|Any CPU
		Debug|x64 = Debug|x64
		Debug|x86 = Debug|x86
		Release|Any CPU = Release|Any CPU
		Release|x64 = Release|x64
		Release|x86 = Release|x86
	EndGlobalSection
	GlobalSection(ProjectConfigurationPlatforms) = postSolution
		{669359CD-47D5-4636-B183-832726248E5E}.Debug|Any CPU.ActiveCfg = Debug|Any CPU
		{669359CD-47D5-4636-B183-832726248E5E}.Debug|Any CPU.Build.0 = Debug|Any CPU
		{669359CD-47D5-4636-B183-832726248E5E}.Debug|x64.ActiveCfg = Debug|Any CPU
		{669359CD-47D5-4636-B183-832726248E5E}.Debug|x64.Build.0 = Debug|Any CPU
		{669359CD-47D5-4636-B183-832726248E5E}.Debug|x86.ActiveCfg = Debug|Any CPU
		{669359CD-47D5-4636-B183-832726248E5E}.Debug|x86.Build.0 = Debug|Any CPU
		{669359CD-47D5-4636-B183-832726248E5E}.Release|Any CPU.ActiveCfg = Release|Any CPU
		{669359CD-47D5-4636-B183-832726248E5E}.Release|Any CPU.Build.0 = Release|Any CPU
		{669359CD-47D5-4636-B183-832726248E5E}.Release|x64.ActiveCfg = Release|Any CPU
		{669359CD-47D5-4636-B183-832726248E5E}.Release|x64.Build.0 = Release|Any CPU
		{669359CD-47D5-4636-B183-832726248E5E}.Release|x86.ActiveCfg = Release|Any CPU
		{669359CD-47D5-4636-B183-832726248E5E}.Release|x86.Build.0 = Release|Any CPU
		{0DC58AA4-BADC-4556-9BD2-285E79E97E6C}.Debug|Any CPU.ActiveCfg = Debug|Any CPU
		{0DC58AA4-BADC-4556-9BD2-285E79E97E6C}.Debug|Any CPU.Build.0 = Debug|Any CPU
		{0DC58AA4-BADC-4556-9BD2-285E79E97E6C}.Debug|x64.ActiveCfg = Debug|Any CPU
		{0DC58AA4-BADC-4556-9BD2-285E79E97E6C}.Debug|x64.Build.0 = Debug|Any CPU
		{0DC58AA4-BADC-4556-9BD2-285E79E97E6C}.Debug|x86.ActiveCfg = Debug|Any CPU
		{0DC58AA4-BADC-4556-9BD2-285E79E97E6C}.Debug|x86.Build.0 = Debug|Any CPU
		{0DC58AA4-BADC-4556-9BD2-285E79E97E6C}.Release|Any CPU.ActiveCfg = Release|Any CPU
		{0DC58AA4-BADC-4556-9BD2-285E79E97E6C}.Release|Any CPU.Build.0 = Release|Any CPU
		{0DC58AA4-BADC-4556-9BD2-285E79E97E6C}.Release|x64.ActiveCfg = Release|Any CPU
		{0DC58AA4-BADC-4556-9BD2-285E79E97E6C}.Release|x64.Build.0 = Release|Any CPU
		{0DC58AA4-BADC-4556-9BD2-285E79E97E6C}.Release|x86.ActiveCfg = Release|Any CPU
		{0DC58AA4-BADC-4556-9BD2-285E79E97E6C}.Release|x86.Build.0 = Release|Any CPU
		{16C1C421-1663-4638-9B7F-EF0922AA0D6B}.Debug|Any CPU.ActiveCfg = Debug|Any CPU
		{16C1C421-1663-4638-9B7F-EF0922AA0D6B}.Debug|Any CPU.Build.0 = Debug|Any CPU
		{16C1C421-1663-4638-9B7F-EF0922AA0D6B}.Debug|x64.ActiveCfg = Debug|Any CPU
		{16C1C421-1663-4638-9B7F-EF0922AA0D6B}.Debug|x64.Build.0 = Debug|Any CPU
		{16C1C421-1663-4638-9B7F-EF0922AA0D6B}.Debug|x86.ActiveCfg = Debug|Any CPU
		{16C1C421-1663-4638-9B7F-EF0922AA0D6B}.Debug|x86.Build.0 = Debug|Any CPU
		{16C1C421-1663-4638-9B7F-EF0922AA0D6B}.Release|Any CPU.ActiveCfg = Release|Any CPU
		{16C1C421-1663-4638-9B7F-EF0922AA0D6B}.Release|Any CPU.Build.0 = Release|Any CPU
		{16C1C421-1663-4638-9B7F-EF0922AA0D6B}.Release|x64.ActiveCfg = Release|Any CPU
		{16C1C421-1663-4638-9B7F-EF0922AA0D6B}.Release|x64.Build.0 = Release|Any CPU
		{16C1C421-1663-4638-9B7F-EF0922AA0D6B}.Release|x86.ActiveCfg = Release|Any CPU
		{16C1C421-1663-4638-9B7F-EF0922AA0D6B}.Release|x86.Build.0 = Release|Any CPU
		{8338B16E-6896-4592-9079-F9FB2BFF166F}.Debug|Any CPU.ActiveCfg = Debug|Any CPU
		{8338B16E-6896-4592-9079-F9FB2BFF166F}.Debug|Any CPU.Build.0 = Debug|Any CPU
		{8338B16E-6896-4592-9079-F9FB2BFF166F}.Debug|x64.ActiveCfg = Debug|Any CPU
		{8338B16E-6896-4592-9079-F9FB2BFF166F}.Debug|x64.Build.0 = Debug|Any CPU
		{8338B16E-6896-4592-9079-F9FB2BFF166F}.Debug|x86.ActiveCfg = Debug|Any CPU
		{8338B16E-6896-4592-9079-F9FB2BFF166F}.Debug|x86.Build.0 = Debug|Any CPU
		{8338B16E-6896-4592-9079-F9FB2BFF166F}.Release|Any CPU.ActiveCfg = Release|Any CPU
		{8338B16E-6896-4592-9079-F9FB2BFF166F}.Release|Any CPU.Build.0 = Release|Any CPU
		{8338B16E-6896-4592-9079-F9FB2BFF166F}.Release|x64.ActiveCfg = Release|Any CPU
		{8338B16E-6896-4592-9079-F9FB2BFF166F}.Release|x64.Build.0 = Release|Any CPU
		{8338B16E-6896-4592-9079-F9FB2BFF166F}.Release|x86.ActiveCfg = Release|Any CPU
		{8338B16E-6896-4592-9079-F9FB2BFF166F}.Release|x86.Build.0 = Release|Any CPU
		{B5F219AA-B5F0-429C-83FE-243B8B78D917}.Debug|Any CPU.ActiveCfg = Debug|Any CPU
		{B5F219AA-B5F0-429C-83FE-243B8B78D917}.Debug|Any CPU.Build.0 = Debug|Any CPU
		{B5F219AA-B5F0-429C-83FE-243B8B78D917}.Debug|x64.ActiveCfg = Debug|Any CPU
		{B5F219AA-B5F0-429C-83FE-243B8B78D917}.Debug|x64.Build.0 = Debug|Any CPU
		{B5F219AA-B5F0-429C-83FE-243B8B78D917}.Debug|x86.ActiveCfg = Debug|Any CPU
		{B5F219AA-B5F0-429C-83FE-243B8B78D917}.Debug|x86.Build.0 = Debug|Any CPU
		{B5F219AA-B5F0-429C-83FE-243B8B78D917}.Release|Any CPU.ActiveCfg = Release|Any CPU
		{B5F219AA-B5F0-429C-83FE-243B8B78D917}.Release|Any CPU.Build.0 = Release|Any CPU
		{B5F219AA-B5F0-429C-83FE-243B8B78D917}.Release|x64.ActiveCfg = Release|Any CPU
		{B5F219AA-B5F0-429C-83FE-243B8B78D917}.Release|x64.Build.0 = Release|Any CPU
		{B5F219AA-B5F0-429C-83FE-243B8B78D917}.Release|x86.ActiveCfg = Release|Any CPU
		{B5F219AA-B5F0-429C-83FE-243B8B78D917}.Release|x86.Build.0 = Release|Any CPU
		{613EEE76-65ED-468F-8A51-A84A29152CE9}.Debug|Any CPU.ActiveCfg = Debug|Any CPU
		{613EEE76-65ED-468F-8A51-A84A29152CE9}.Debug|Any CPU.Build.0 = Debug|Any CPU
		{613EEE76-65ED-468F-8A51-A84A29152CE9}.Debug|x64.ActiveCfg = Debug|Any CPU
		{613EEE76-65ED-468F-8A51-A84A29152CE9}.Debug|x64.Build.0 = Debug|Any CPU
		{613EEE76-65ED-468F-8A51-A84A29152CE9}.Debug|x86.ActiveCfg = Debug|Any CPU
		{613EEE76-65ED-468F-8A51-A84A29152CE9}.Debug|x86.Build.0 = Debug|Any CPU
		{613EEE76-65ED-468F-8A51-A84A29152CE9}.Release|Any CPU.ActiveCfg = Release|Any CPU
		{613EEE76-65ED-468F-8A51-A84A29152CE9}.Release|Any CPU.Build.0 = Release|Any CPU
		{613EEE76-65ED-468F-8A51-A84A29152CE9}.Release|x64.ActiveCfg = Release|Any CPU
		{613EEE76-65ED-468F-8A51-A84A29152CE9}.Release|x64.Build.0 = Release|Any CPU
		{613EEE76-65ED-468F-8A51-A84A29152CE9}.Release|x86.ActiveCfg = Release|Any CPU
		{613EEE76-65ED-468F-8A51-A84A29152CE9}.Release|x86.Build.0 = Release|Any CPU
		{E300F334-DBB2-4E5C-9D85-7694117B63F6}.Debug|Any CPU.ActiveCfg = Debug|Any CPU
		{E300F334-DBB2-4E5C-9D85-7694117B63F6}.Debug|Any CPU.Build.0 = Debug|Any CPU
		{E300F334-DBB2-4E5C-9D85-7694117B63F6}.Debug|x64.ActiveCfg = Debug|Any CPU
		{E300F334-DBB2-4E5C-9D85-7694117B63F6}.Debug|x64.Build.0 = Debug|Any CPU
		{E300F334-DBB2-4E5C-9D85-7694117B63F6}.Debug|x86.ActiveCfg = Debug|Any CPU
		{E300F334-DBB2-4E5C-9D85-7694117B63F6}.Debug|x86.Build.0 = Debug|Any CPU
		{E300F334-DBB2-4E5C-9D85-7694117B63F6}.Release|Any CPU.ActiveCfg = Release|Any CPU
		{E300F334-DBB2-4E5C-9D85-7694117B63F6}.Release|Any CPU.Build.0 = Release|Any CPU
		{E300F334-DBB2-4E5C-9D85-7694117B63F6}.Release|x64.ActiveCfg = Release|Any CPU
		{E300F334-DBB2-4E5C-9D85-7694117B63F6}.Release|x64.Build.0 = Release|Any CPU
		{E300F334-DBB2-4E5C-9D85-7694117B63F6}.Release|x86.ActiveCfg = Release|Any CPU
		{E300F334-DBB2-4E5C-9D85-7694117B63F6}.Release|x86.Build.0 = Release|Any CPU
		{2053E44D-5A93-43E4-9E89-0E1726B65AF4}.Debug|Any CPU.ActiveCfg = Debug|Any CPU
		{2053E44D-5A93-43E4-9E89-0E1726B65AF4}.Debug|Any CPU.Build.0 = Debug|Any CPU
		{2053E44D-5A93-43E4-9E89-0E1726B65AF4}.Debug|x64.ActiveCfg = Debug|Any CPU
		{2053E44D-5A93-43E4-9E89-0E1726B65AF4}.Debug|x64.Build.0 = Debug|Any CPU
		{2053E44D-5A93-43E4-9E89-0E1726B65AF4}.Debug|x86.ActiveCfg = Debug|Any CPU
		{2053E44D-5A93-43E4-9E89-0E1726B65AF4}.Debug|x86.Build.0 = Debug|Any CPU
		{2053E44D-5A93-43E4-9E89-0E1726B65AF4}.Release|Any CPU.ActiveCfg = Release|Any CPU
		{2053E44D-5A93-43E4-9E89-0E1726B65AF4}.Release|Any CPU.Build.0 = Release|Any CPU
		{2053E44D-5A93-43E4-9E89-0E1726B65AF4}.Release|x64.ActiveCfg = Release|Any CPU
		{2053E44D-5A93-43E4-9E89-0E1726B65AF4}.Release|x64.Build.0 = Release|Any CPU
		{2053E44D-5A93-43E4-9E89-0E1726B65AF4}.Release|x86.ActiveCfg = Release|Any CPU
		{2053E44D-5A93-43E4-9E89-0E1726B65AF4}.Release|x86.Build.0 = Release|Any CPU
		{61D06E7F-5FC1-4B33-945C-45F1C8921E06}.Debug|Any CPU.ActiveCfg = Debug|Any CPU
		{61D06E7F-5FC1-4B33-945C-45F1C8921E06}.Debug|Any CPU.Build.0 = Debug|Any CPU
		{61D06E7F-5FC1-4B33-945C-45F1C8921E06}.Debug|x64.ActiveCfg = Debug|Any CPU
		{61D06E7F-5FC1-4B33-945C-45F1C8921E06}.Debug|x64.Build.0 = Debug|Any CPU
		{61D06E7F-5FC1-4B33-945C-45F1C8921E06}.Debug|x86.ActiveCfg = Debug|Any CPU
		{61D06E7F-5FC1-4B33-945C-45F1C8921E06}.Debug|x86.Build.0 = Debug|Any CPU
		{61D06E7F-5FC1-4B33-945C-45F1C8921E06}.Release|Any CPU.ActiveCfg = Release|Any CPU
		{61D06E7F-5FC1-4B33-945C-45F1C8921E06}.Release|Any CPU.Build.0 = Release|Any CPU
		{61D06E7F-5FC1-4B33-945C-45F1C8921E06}.Release|x64.ActiveCfg = Release|Any CPU
		{61D06E7F-5FC1-4B33-945C-45F1C8921E06}.Release|x64.Build.0 = Release|Any CPU
		{61D06E7F-5FC1-4B33-945C-45F1C8921E06}.Release|x86.ActiveCfg = Release|Any CPU
		{61D06E7F-5FC1-4B33-945C-45F1C8921E06}.Release|x86.Build.0 = Release|Any CPU
		{F0652385-B05D-4A52-8AD7-4640463921E6}.Debug|Any CPU.ActiveCfg = Debug|Any CPU
		{F0652385-B05D-4A52-8AD7-4640463921E6}.Debug|Any CPU.Build.0 = Debug|Any CPU
		{F0652385-B05D-4A52-8AD7-4640463921E6}.Debug|x64.ActiveCfg = Debug|Any CPU
		{F0652385-B05D-4A52-8AD7-4640463921E6}.Debug|x64.Build.0 = Debug|Any CPU
		{F0652385-B05D-4A52-8AD7-4640463921E6}.Debug|x86.ActiveCfg = Debug|Any CPU
		{F0652385-B05D-4A52-8AD7-4640463921E6}.Debug|x86.Build.0 = Debug|Any CPU
		{F0652385-B05D-4A52-8AD7-4640463921E6}.Release|Any CPU.ActiveCfg = Release|Any CPU
		{F0652385-B05D-4A52-8AD7-4640463921E6}.Release|Any CPU.Build.0 = Release|Any CPU
		{F0652385-B05D-4A52-8AD7-4640463921E6}.Release|x64.ActiveCfg = Release|Any CPU
		{F0652385-B05D-4A52-8AD7-4640463921E6}.Release|x64.Build.0 = Release|Any CPU
		{F0652385-B05D-4A52-8AD7-4640463921E6}.Release|x86.ActiveCfg = Release|Any CPU
		{F0652385-B05D-4A52-8AD7-4640463921E6}.Release|x86.Build.0 = Release|Any CPU
		{75A2736C-DEA8-4E08-A6BD-DB10AE492548}.Debug|Any CPU.ActiveCfg = Debug|Any CPU
		{75A2736C-DEA8-4E08-A6BD-DB10AE492548}.Debug|Any CPU.Build.0 = Debug|Any CPU
		{75A2736C-DEA8-4E08-A6BD-DB10AE492548}.Debug|x64.ActiveCfg = Debug|Any CPU
		{75A2736C-DEA8-4E08-A6BD-DB10AE492548}.Debug|x64.Build.0 = Debug|Any CPU
		{75A2736C-DEA8-4E08-A6BD-DB10AE492548}.Debug|x86.ActiveCfg = Debug|Any CPU
		{75A2736C-DEA8-4E08-A6BD-DB10AE492548}.Debug|x86.Build.0 = Debug|Any CPU
		{75A2736C-DEA8-4E08-A6BD-DB10AE492548}.Release|Any CPU.ActiveCfg = Release|Any CPU
		{75A2736C-DEA8-4E08-A6BD-DB10AE492548}.Release|Any CPU.Build.0 = Release|Any CPU
		{75A2736C-DEA8-4E08-A6BD-DB10AE492548}.Release|x64.ActiveCfg = Release|Any CPU
		{75A2736C-DEA8-4E08-A6BD-DB10AE492548}.Release|x64.Build.0 = Release|Any CPU
		{75A2736C-DEA8-4E08-A6BD-DB10AE492548}.Release|x86.ActiveCfg = Release|Any CPU
		{75A2736C-DEA8-4E08-A6BD-DB10AE492548}.Release|x86.Build.0 = Release|Any CPU
		{42627078-0519-40E3-9B4B-F70B48B2201A}.Debug|Any CPU.ActiveCfg = Debug|Any CPU
		{42627078-0519-40E3-9B4B-F70B48B2201A}.Debug|Any CPU.Build.0 = Debug|Any CPU
		{42627078-0519-40E3-9B4B-F70B48B2201A}.Debug|x64.ActiveCfg = Debug|Any CPU
		{42627078-0519-40E3-9B4B-F70B48B2201A}.Debug|x64.Build.0 = Debug|Any CPU
		{42627078-0519-40E3-9B4B-F70B48B2201A}.Debug|x86.ActiveCfg = Debug|Any CPU
		{42627078-0519-40E3-9B4B-F70B48B2201A}.Debug|x86.Build.0 = Debug|Any CPU
		{42627078-0519-40E3-9B4B-F70B48B2201A}.Release|Any CPU.ActiveCfg = Release|Any CPU
		{42627078-0519-40E3-9B4B-F70B48B2201A}.Release|Any CPU.Build.0 = Release|Any CPU
		{42627078-0519-40E3-9B4B-F70B48B2201A}.Release|x64.ActiveCfg = Release|Any CPU
		{42627078-0519-40E3-9B4B-F70B48B2201A}.Release|x64.Build.0 = Release|Any CPU
		{42627078-0519-40E3-9B4B-F70B48B2201A}.Release|x86.ActiveCfg = Release|Any CPU
		{42627078-0519-40E3-9B4B-F70B48B2201A}.Release|x86.Build.0 = Release|Any CPU
		{2D28ADBC-EA56-4366-9304-6DB6F743DED5}.Debug|Any CPU.ActiveCfg = Debug|Any CPU
		{2D28ADBC-EA56-4366-9304-6DB6F743DED5}.Debug|Any CPU.Build.0 = Debug|Any CPU
		{2D28ADBC-EA56-4366-9304-6DB6F743DED5}.Debug|x64.ActiveCfg = Debug|Any CPU
		{2D28ADBC-EA56-4366-9304-6DB6F743DED5}.Debug|x64.Build.0 = Debug|Any CPU
		{2D28ADBC-EA56-4366-9304-6DB6F743DED5}.Debug|x86.ActiveCfg = Debug|Any CPU
		{2D28ADBC-EA56-4366-9304-6DB6F743DED5}.Debug|x86.Build.0 = Debug|Any CPU
		{2D28ADBC-EA56-4366-9304-6DB6F743DED5}.Release|Any CPU.ActiveCfg = Release|Any CPU
		{2D28ADBC-EA56-4366-9304-6DB6F743DED5}.Release|Any CPU.Build.0 = Release|Any CPU
		{2D28ADBC-EA56-4366-9304-6DB6F743DED5}.Release|x64.ActiveCfg = Release|Any CPU
		{2D28ADBC-EA56-4366-9304-6DB6F743DED5}.Release|x64.Build.0 = Release|Any CPU
		{2D28ADBC-EA56-4366-9304-6DB6F743DED5}.Release|x86.ActiveCfg = Release|Any CPU
		{2D28ADBC-EA56-4366-9304-6DB6F743DED5}.Release|x86.Build.0 = Release|Any CPU
		{A023A8D6-49B1-4E54-8A5D-1CF11ACB5FE2}.Debug|Any CPU.ActiveCfg = Debug|Any CPU
		{A023A8D6-49B1-4E54-8A5D-1CF11ACB5FE2}.Debug|Any CPU.Build.0 = Debug|Any CPU
		{A023A8D6-49B1-4E54-8A5D-1CF11ACB5FE2}.Debug|x64.ActiveCfg = Debug|Any CPU
		{A023A8D6-49B1-4E54-8A5D-1CF11ACB5FE2}.Debug|x64.Build.0 = Debug|Any CPU
		{A023A8D6-49B1-4E54-8A5D-1CF11ACB5FE2}.Debug|x86.ActiveCfg = Debug|Any CPU
		{A023A8D6-49B1-4E54-8A5D-1CF11ACB5FE2}.Debug|x86.Build.0 = Debug|Any CPU
		{A023A8D6-49B1-4E54-8A5D-1CF11ACB5FE2}.Release|Any CPU.ActiveCfg = Release|Any CPU
		{A023A8D6-49B1-4E54-8A5D-1CF11ACB5FE2}.Release|Any CPU.Build.0 = Release|Any CPU
		{A023A8D6-49B1-4E54-8A5D-1CF11ACB5FE2}.Release|x64.ActiveCfg = Release|Any CPU
		{A023A8D6-49B1-4E54-8A5D-1CF11ACB5FE2}.Release|x64.Build.0 = Release|Any CPU
		{A023A8D6-49B1-4E54-8A5D-1CF11ACB5FE2}.Release|x86.ActiveCfg = Release|Any CPU
		{A023A8D6-49B1-4E54-8A5D-1CF11ACB5FE2}.Release|x86.Build.0 = Release|Any CPU
		{019BC409-7353-457A-B1A5-2B22E18C939E}.Debug|Any CPU.ActiveCfg = Debug|Any CPU
		{019BC409-7353-457A-B1A5-2B22E18C939E}.Debug|Any CPU.Build.0 = Debug|Any CPU
		{019BC409-7353-457A-B1A5-2B22E18C939E}.Debug|x64.ActiveCfg = Debug|Any CPU
		{019BC409-7353-457A-B1A5-2B22E18C939E}.Debug|x64.Build.0 = Debug|Any CPU
		{019BC409-7353-457A-B1A5-2B22E18C939E}.Debug|x86.ActiveCfg = Debug|Any CPU
		{019BC409-7353-457A-B1A5-2B22E18C939E}.Debug|x86.Build.0 = Debug|Any CPU
		{019BC409-7353-457A-B1A5-2B22E18C939E}.Release|Any CPU.ActiveCfg = Release|Any CPU
		{019BC409-7353-457A-B1A5-2B22E18C939E}.Release|Any CPU.Build.0 = Release|Any CPU
		{019BC409-7353-457A-B1A5-2B22E18C939E}.Release|x64.ActiveCfg = Release|Any CPU
		{019BC409-7353-457A-B1A5-2B22E18C939E}.Release|x64.Build.0 = Release|Any CPU
		{019BC409-7353-457A-B1A5-2B22E18C939E}.Release|x86.ActiveCfg = Release|Any CPU
		{019BC409-7353-457A-B1A5-2B22E18C939E}.Release|x86.Build.0 = Release|Any CPU
		{43EC4BA0-F20F-4CCC-A6D8-5E00D3E5A34D}.Debug|Any CPU.ActiveCfg = Debug|Any CPU
		{43EC4BA0-F20F-4CCC-A6D8-5E00D3E5A34D}.Debug|Any CPU.Build.0 = Debug|Any CPU
		{43EC4BA0-F20F-4CCC-A6D8-5E00D3E5A34D}.Debug|x64.ActiveCfg = Debug|Any CPU
		{43EC4BA0-F20F-4CCC-A6D8-5E00D3E5A34D}.Debug|x64.Build.0 = Debug|Any CPU
		{43EC4BA0-F20F-4CCC-A6D8-5E00D3E5A34D}.Debug|x86.ActiveCfg = Debug|Any CPU
		{43EC4BA0-F20F-4CCC-A6D8-5E00D3E5A34D}.Debug|x86.Build.0 = Debug|Any CPU
		{43EC4BA0-F20F-4CCC-A6D8-5E00D3E5A34D}.Release|Any CPU.ActiveCfg = Release|Any CPU
		{43EC4BA0-F20F-4CCC-A6D8-5E00D3E5A34D}.Release|Any CPU.Build.0 = Release|Any CPU
		{43EC4BA0-F20F-4CCC-A6D8-5E00D3E5A34D}.Release|x64.ActiveCfg = Release|Any CPU
		{43EC4BA0-F20F-4CCC-A6D8-5E00D3E5A34D}.Release|x64.Build.0 = Release|Any CPU
		{43EC4BA0-F20F-4CCC-A6D8-5E00D3E5A34D}.Release|x86.ActiveCfg = Release|Any CPU
		{43EC4BA0-F20F-4CCC-A6D8-5E00D3E5A34D}.Release|x86.Build.0 = Release|Any CPU
		{3A05B8E0-8A61-4B22-AA7F-608D43B55403}.Debug|Any CPU.ActiveCfg = Debug|Any CPU
		{3A05B8E0-8A61-4B22-AA7F-608D43B55403}.Debug|Any CPU.Build.0 = Debug|Any CPU
		{3A05B8E0-8A61-4B22-AA7F-608D43B55403}.Debug|x64.ActiveCfg = Debug|Any CPU
		{3A05B8E0-8A61-4B22-AA7F-608D43B55403}.Debug|x64.Build.0 = Debug|Any CPU
		{3A05B8E0-8A61-4B22-AA7F-608D43B55403}.Debug|x86.ActiveCfg = Debug|Any CPU
		{3A05B8E0-8A61-4B22-AA7F-608D43B55403}.Debug|x86.Build.0 = Debug|Any CPU
		{3A05B8E0-8A61-4B22-AA7F-608D43B55403}.Release|Any CPU.ActiveCfg = Release|Any CPU
		{3A05B8E0-8A61-4B22-AA7F-608D43B55403}.Release|Any CPU.Build.0 = Release|Any CPU
		{3A05B8E0-8A61-4B22-AA7F-608D43B55403}.Release|x64.ActiveCfg = Release|Any CPU
		{3A05B8E0-8A61-4B22-AA7F-608D43B55403}.Release|x64.Build.0 = Release|Any CPU
		{3A05B8E0-8A61-4B22-AA7F-608D43B55403}.Release|x86.ActiveCfg = Release|Any CPU
		{3A05B8E0-8A61-4B22-AA7F-608D43B55403}.Release|x86.Build.0 = Release|Any CPU
		{0CD77F08-ED83-40B5-AA3D-54480065AA7C}.Debug|Any CPU.ActiveCfg = Debug|Any CPU
		{0CD77F08-ED83-40B5-AA3D-54480065AA7C}.Debug|Any CPU.Build.0 = Debug|Any CPU
		{0CD77F08-ED83-40B5-AA3D-54480065AA7C}.Debug|x64.ActiveCfg = Debug|Any CPU
		{0CD77F08-ED83-40B5-AA3D-54480065AA7C}.Debug|x64.Build.0 = Debug|Any CPU
		{0CD77F08-ED83-40B5-AA3D-54480065AA7C}.Debug|x86.ActiveCfg = Debug|Any CPU
		{0CD77F08-ED83-40B5-AA3D-54480065AA7C}.Debug|x86.Build.0 = Debug|Any CPU
		{0CD77F08-ED83-40B5-AA3D-54480065AA7C}.Release|Any CPU.ActiveCfg = Release|Any CPU
		{0CD77F08-ED83-40B5-AA3D-54480065AA7C}.Release|Any CPU.Build.0 = Release|Any CPU
		{0CD77F08-ED83-40B5-AA3D-54480065AA7C}.Release|x64.ActiveCfg = Release|Any CPU
		{0CD77F08-ED83-40B5-AA3D-54480065AA7C}.Release|x64.Build.0 = Release|Any CPU
		{0CD77F08-ED83-40B5-AA3D-54480065AA7C}.Release|x86.ActiveCfg = Release|Any CPU
		{0CD77F08-ED83-40B5-AA3D-54480065AA7C}.Release|x86.Build.0 = Release|Any CPU
		{B1BE723D-08D6-43B1-B40D-07CA43DAA508}.Debug|Any CPU.ActiveCfg = Debug|Any CPU
		{B1BE723D-08D6-43B1-B40D-07CA43DAA508}.Debug|Any CPU.Build.0 = Debug|Any CPU
		{B1BE723D-08D6-43B1-B40D-07CA43DAA508}.Debug|x64.ActiveCfg = Debug|Any CPU
		{B1BE723D-08D6-43B1-B40D-07CA43DAA508}.Debug|x64.Build.0 = Debug|Any CPU
		{B1BE723D-08D6-43B1-B40D-07CA43DAA508}.Debug|x86.ActiveCfg = Debug|Any CPU
		{B1BE723D-08D6-43B1-B40D-07CA43DAA508}.Debug|x86.Build.0 = Debug|Any CPU
		{B1BE723D-08D6-43B1-B40D-07CA43DAA508}.Release|Any CPU.ActiveCfg = Release|Any CPU
		{B1BE723D-08D6-43B1-B40D-07CA43DAA508}.Release|Any CPU.Build.0 = Release|Any CPU
		{B1BE723D-08D6-43B1-B40D-07CA43DAA508}.Release|x64.ActiveCfg = Release|Any CPU
		{B1BE723D-08D6-43B1-B40D-07CA43DAA508}.Release|x64.Build.0 = Release|Any CPU
		{B1BE723D-08D6-43B1-B40D-07CA43DAA508}.Release|x86.ActiveCfg = Release|Any CPU
		{B1BE723D-08D6-43B1-B40D-07CA43DAA508}.Release|x86.Build.0 = Release|Any CPU
	EndGlobalSection
	GlobalSection(SolutionProperties) = preSolution
		HideSolutionNode = FALSE
	EndGlobalSection
	GlobalSection(NestedProjects) = preSolution
		{669359CD-47D5-4636-B183-832726248E5E} = {D7A5BE09-2AEB-C095-E516-E44CF7391278}
		{0DC58AA4-BADC-4556-9BD2-285E79E97E6C} = {D7A5BE09-2AEB-C095-E516-E44CF7391278}
		{16C1C421-1663-4638-9B7F-EF0922AA0D6B} = {D7A5BE09-2AEB-C095-E516-E44CF7391278}
		{8338B16E-6896-4592-9079-F9FB2BFF166F} = {D7A5BE09-2AEB-C095-E516-E44CF7391278}
		{B5F219AA-B5F0-429C-83FE-243B8B78D917} = {D7A5BE09-2AEB-C095-E516-E44CF7391278}
		{613EEE76-65ED-468F-8A51-A84A29152CE9} = {D7A5BE09-2AEB-C095-E516-E44CF7391278}
		{E300F334-DBB2-4E5C-9D85-7694117B63F6} = {D7A5BE09-2AEB-C095-E516-E44CF7391278}
		{2053E44D-5A93-43E4-9E89-0E1726B65AF4} = {D7A5BE09-2AEB-C095-E516-E44CF7391278}
		{61D06E7F-5FC1-4B33-945C-45F1C8921E06} = {D7A5BE09-2AEB-C095-E516-E44CF7391278}
		{F0652385-B05D-4A52-8AD7-4640463921E6} = {56F1B4D2-DDE4-5070-21DC-6470BEFA5EE9}
		{75A2736C-DEA8-4E08-A6BD-DB10AE492548} = {56F1B4D2-DDE4-5070-21DC-6470BEFA5EE9}
		{42627078-0519-40E3-9B4B-F70B48B2201A} = {56F1B4D2-DDE4-5070-21DC-6470BEFA5EE9}
		{2D28ADBC-EA56-4366-9304-6DB6F743DED5} = {56F1B4D2-DDE4-5070-21DC-6470BEFA5EE9}
		{A023A8D6-49B1-4E54-8A5D-1CF11ACB5FE2} = {56F1B4D2-DDE4-5070-21DC-6470BEFA5EE9}
		{019BC409-7353-457A-B1A5-2B22E18C939E} = {56F1B4D2-DDE4-5070-21DC-6470BEFA5EE9}
		{43EC4BA0-F20F-4CCC-A6D8-5E00D3E5A34D} = {56F1B4D2-DDE4-5070-21DC-6470BEFA5EE9}
		{3A05B8E0-8A61-4B22-AA7F-608D43B55403} = {56F1B4D2-DDE4-5070-21DC-6470BEFA5EE9}
		{0CD77F08-ED83-40B5-AA3D-54480065AA7C} = {56F1B4D2-DDE4-5070-21DC-6470BEFA5EE9}
		{B1BE723D-08D6-43B1-B40D-07CA43DAA508} = {56F1B4D2-DDE4-5070-21DC-6470BEFA5EE9}
	EndGlobalSection
EndGlobal
